
Microsoft Visual Studio Solution File, Format Version 11.00
# Visual Studio 2010
Project("{FAE04EC0-301F-11D3-BF4B-00C04F79EFBC}") = "HtmlParser", "HtmlParser\HtmlParser.csproj", "{49EA0D3A-90F8-481B-A567-22EF092FDE97}"
EndProject
Project("{FAE04EC0-301F-11D3-BF4B-00C04F79EFBC}") = "CrawlerCommon", "CrawlerCommon\CrawlerCommon.csproj", "{CD0163BB-1D0A-4869-AAAA-EA21EE8B964A}"
EndProject
Project("{FAE04EC0-301F-11D3-BF4B-00C04F79EFBC}") = "CrawlerCommonVisualDiagnostic", "CrawlerCommonVisualDiagnostic\CrawlerCommonVisualDiagnostic.csproj", "{363787C2-53FD-4FFD-8F16-C77D7440FF57}"
EndProject
Project("{FAE04EC0-301F-11D3-BF4B-00C04F79EFBC}") = "CrawlerHpathUI", "CrawlerHpathUI\CrawlerHpathUI.csproj", "{6234410B-6378-443B-BE1B-702973E0F83F}"
EndProject
Project("{FAE04EC0-301F-11D3-BF4B-00C04F79EFBC}") = "CrawlerCommonTest", "CrawlerCommonTest\CrawlerCommonTest.csproj", "{A847AF3E-D3F1-41B2-9BFA-8C4ACFFC720D}"
EndProject
Global
	GlobalSection(SolutionConfigurationPlatforms) = preSolution
		Debug|Any CPU = Debug|Any CPU
		Debug|Mixed Platforms = Debug|Mixed Platforms
		Debug|x86 = Debug|x86
		Release|Any CPU = Release|Any CPU
		Release|Mixed Platforms = Release|Mixed Platforms
		Release|x86 = Release|x86
	EndGlobalSection
	GlobalSection(ProjectConfigurationPlatforms) = postSolution
		{49EA0D3A-90F8-481B-A567-22EF092FDE97}.Debug|Any CPU.ActiveCfg = Debug|x86
		{49EA0D3A-90F8-481B-A567-22EF092FDE97}.Debug|Mixed Platforms.ActiveCfg = Debug|x86
		{49EA0D3A-90F8-481B-A567-22EF092FDE97}.Debug|Mixed Platforms.Build.0 = Debug|x86
		{49EA0D3A-90F8-481B-A567-22EF092FDE97}.Debug|x86.ActiveCfg = Debug|x86
		{49EA0D3A-90F8-481B-A567-22EF092FDE97}.Debug|x86.Build.0 = Debug|x86
		{49EA0D3A-90F8-481B-A567-22EF092FDE97}.Release|Any CPU.ActiveCfg = Release|x86
		{49EA0D3A-90F8-481B-A567-22EF092FDE97}.Release|Mixed Platforms.ActiveCfg = Release|x86
		{49EA0D3A-90F8-481B-A567-22EF092FDE97}.Release|Mixed Platforms.Build.0 = Release|x86
		{49EA0D3A-90F8-481B-A567-22EF092FDE97}.Release|x86.ActiveCfg = Release|x86
		{49EA0D3A-90F8-481B-A567-22EF092FDE97}.Release|x86.Build.0 = Release|x86
		{CD0163BB-1D0A-4869-AAAA-EA21EE8B964A}.Debug|Any CPU.ActiveCfg = Debug|Any CPU
		{CD0163BB-1D0A-4869-AAAA-EA21EE8B964A}.Debug|Any CPU.Build.0 = Debug|Any CPU
		{CD0163BB-1D0A-4869-AAAA-EA21EE8B964A}.Debug|Mixed Platforms.ActiveCfg = Debug|Any CPU
		{CD0163BB-1D0A-4869-AAAA-EA21EE8B964A}.Debug|Mixed Platforms.Build.0 = Debug|Any CPU
		{CD0163BB-1D0A-4869-AAAA-EA21EE8B964A}.Debug|x86.ActiveCfg = Debug|Any CPU
		{CD0163BB-1D0A-4869-AAAA-EA21EE8B964A}.Release|Any CPU.ActiveCfg = Release|Any CPU
		{CD0163BB-1D0A-4869-AAAA-EA21EE8B964A}.Release|Any CPU.Build.0 = Release|Any CPU
		{CD0163BB-1D0A-4869-AAAA-EA21EE8B964A}.Release|Mixed Platforms.ActiveCfg = Release|Any CPU
		{CD0163BB-1D0A-4869-AAAA-EA21EE8B964A}.Release|Mixed Platforms.Build.0 = Release|Any CPU
		{CD0163BB-1D0A-4869-AAAA-EA21EE8B964A}.Release|x86.ActiveCfg = Release|Any CPU
		{363787C2-53FD-4FFD-8F16-C77D7440FF57}.Debug|Any CPU.ActiveCfg = Debug|x86
		{363787C2-53FD-4FFD-8F16-C77D7440FF57}.Debug|Mixed Platforms.ActiveCfg = Debug|x86
		{363787C2-53FD-4FFD-8F16-C77D7440FF57}.Debug|Mixed Platforms.Build.0 = Debug|x86
		{363787C2-53FD-4FFD-8F16-C77D7440FF57}.Debug|x86.ActiveCfg = Debug|x86
		{363787C2-53FD-4FFD-8F16-C77D7440FF57}.Debug|x86.Build.0 = Debug|x86
		{363787C2-53FD-4FFD-8F16-C77D7440FF57}.Release|Any CPU.ActiveCfg = Release|x86
		{363787C2-53FD-4FFD-8F16-C77D7440FF57}.Release|Mixed Platforms.ActiveCfg = Release|x86
		{363787C2-53FD-4FFD-8F16-C77D7440FF57}.Release|Mixed Platforms.Build.0 = Release|x86
		{363787C2-53FD-4FFD-8F16-C77D7440FF57}.Release|x86.ActiveCfg = Release|x86
		{363787C2-53FD-4FFD-8F16-C77D7440FF57}.Release|x86.Build.0 = Release|x86
		{6234410B-6378-443B-BE1B-702973E0F83F}.Debug|Any CPU.ActiveCfg = Debug|x86
		{6234410B-6378-443B-BE1B-702973E0F83F}.Debug|Mixed Platforms.ActiveCfg = Debug|x86
		{6234410B-6378-443B-BE1B-702973E0F83F}.Debug|Mixed Platforms.Build.0 = Debug|x86
		{6234410B-6378-443B-BE1B-702973E0F83F}.Debug|x86.ActiveCfg = Debug|x86
		{6234410B-6378-443B-BE1B-702973E0F83F}.Debug|x86.Build.0 = Debug|x86
		{6234410B-6378-443B-BE1B-702973E0F83F}.Release|Any CPU.ActiveCfg = Release|x86
		{6234410B-6378-443B-BE1B-702973E0F83F}.Release|Mixed Platforms.ActiveCfg = Release|x86
		{6234410B-6378-443B-BE1B-702973E0F83F}.Release|Mixed Platforms.Build.0 = Release|x86
		{6234410B-6378-443B-BE1B-702973E0F83F}.Release|x86.ActiveCfg = Release|x86
		{6234410B-6378-443B-BE1B-702973E0F83F}.Release|x86.Build.0 = Release|x86
		{A847AF3E-D3F1-41B2-9BFA-8C4ACFFC720D}.Debug|Any CPU.ActiveCfg = Debug|Any CPU
		{A847AF3E-D3F1-41B2-9BFA-8C4ACFFC720D}.Debug|Any CPU.Build.0 = Debug|Any CPU
		{A847AF3E-D3F1-41B2-9BFA-8C4ACFFC720D}.Debug|Mixed Platforms.ActiveCfg = Debug|Any CPU
		{A847AF3E-D3F1-41B2-9BFA-8C4ACFFC720D}.Debug|Mixed Platforms.Build.0 = Debug|Any CPU
		{A847AF3E-D3F1-41B2-9BFA-8C4ACFFC720D}.Debug|x86.ActiveCfg = Debug|Any CPU
		{A847AF3E-D3F1-41B2-9BFA-8C4ACFFC720D}.Release|Any CPU.ActiveCfg = Release|Any CPU
		{A847AF3E-D3F1-41B2-9BFA-8C4ACFFC720D}.Release|Any CPU.Build.0 = Release|Any CPU
		{A847AF3E-D3F1-41B2-9BFA-8C4ACFFC720D}.Release|Mixed Platforms.ActiveCfg = Release|Any CPU
		{A847AF3E-D3F1-41B2-9BFA-8C4ACFFC720D}.Release|Mixed Platforms.Build.0 = Release|Any CPU
		{A847AF3E-D3F1-41B2-9BFA-8C4ACFFC720D}.Release|x86.ActiveCfg = Release|Any CPU
	EndGlobalSection
	GlobalSection(SolutionProperties) = preSolution
		HideSolutionNode = FALSE
	EndGlobalSection
EndGlobal
